
Microsoft Visual Studio Solution File, Format Version 12.00
# Visual Studio Version 17
VisualStudioVersion = 17.5.33516.290
MinimumVisualStudioVersion = 10.0.40219.1
Project("{FAE04EC0-301F-11D3-BF4B-00C04F79EFBC}") = "Seminar6", "Seminar6\Seminar6.csproj", "{FAEB8DB0-E16F-4B46-A309-90C64D542ABF}"
EndProject
Global
	GlobalSection(SolutionConfigurationPlatforms) = preSolution
		Debug|Any CPU = Debug|Any CPU
		Release|Any CPU = Release|Any CPU
	EndGlobalSection
	GlobalSection(ProjectConfigurationPlatforms) = postSolution
		{FAEB8DB0-E16F-4B46-A309-90C64D542ABF}.Debug|Any CPU.ActiveCfg = Debug|Any CPU
		{FAEB8DB0-E16F-4B46-A309-90C64D542ABF}.Debug|Any CPU.Build.0 = Debug|Any CPU
		{FAEB8DB0-E16F-4B46-A309-90C64D542ABF}.Release|Any CPU.ActiveCfg = Release|Any CPU
		{FAEB8DB0-E16F-4B46-A309-90C64D542ABF}.Release|Any CPU.Build.0 = Release|Any CPU
	EndGlobalSection
	GlobalSection(SolutionProperties) = preSolution
		HideSolutionNode = FALSE
	EndGlobalSection
	GlobalSection(ExtensibilityGlobals) = postSolution
		SolutionGuid = {E8D15D98-F2A0-4037-9F48-E7EF59C18592}
	EndGlobalSection
EndGlobal
